// !$*UTF8*$!
{
	archiveVersion = 1;
	classes = {
	};
	objectVersion = 50;
	objects = {

/* Begin PBXBuildFile section */
		2DBF082E2EF13EA555B00858 /* Pods_Instagram.framework in Frameworks */ = {isa = PBXBuildFile; fileRef = C182C1BE9903A5C8453E5091 /* Pods_Instagram.framework */; };
		3BA50A012254F13C00331A93 /* AppDelegate.swift in Sources */ = {isa = PBXBuildFile; fileRef = 3BA50A002254F13C00331A93 /* AppDelegate.swift */; };
		3BA50A062254F13C00331A93 /* Main.storyboard in Resources */ = {isa = PBXBuildFile; fileRef = 3BA50A042254F13C00331A93 /* Main.storyboard */; };
		3BA50A082254F13E00331A93 /* Assets.xcassets in Resources */ = {isa = PBXBuildFile; fileRef = 3BA50A072254F13E00331A93 /* Assets.xcassets */; };
		3BA50A0B2254F13E00331A93 /* LaunchScreen.storyboard in Resources */ = {isa = PBXBuildFile; fileRef = 3BA50A092254F13E00331A93 /* LaunchScreen.storyboard */; };
		3BA50A162254F13E00331A93 /* InstagramTests.swift in Sources */ = {isa = PBXBuildFile; fileRef = 3BA50A152254F13E00331A93 /* InstagramTests.swift */; };
		3BA50A252254F35C00331A93 /* UIScrollView.swift in Sources */ = {isa = PBXBuildFile; fileRef = 3BA50A232254F35C00331A93 /* UIScrollView.swift */; };
		3BA50A262254F35C00331A93 /* DateFormatter.swift in Sources */ = {isa = PBXBuildFile; fileRef = 3BA50A242254F35C00331A93 /* DateFormatter.swift */; };
		3BA50A292254F37D00331A93 /* StoryboardInitilizableViewController.swift in Sources */ = {isa = PBXBuildFile; fileRef = 3BA50A282254F37D00331A93 /* StoryboardInitilizableViewController.swift */; };
		3BA50A2C2254F3F600331A93 /* InstagramAPI.swift in Sources */ = {isa = PBXBuildFile; fileRef = 3BA50A2B2254F3F600331A93 /* InstagramAPI.swift */; };
		3BA50A302254F65800331A93 /* LoginViewController.swift in Sources */ = {isa = PBXBuildFile; fileRef = 3BA50A2F2254F65800331A93 /* LoginViewController.swift */; };
		3BA50A322255011600331A93 /* User.swift in Sources */ = {isa = PBXBuildFile; fileRef = 3BA50A312255011600331A93 /* User.swift */; };
		3BA50A34225502F900331A93 /* AuthStorage.swift in Sources */ = {isa = PBXBuildFile; fileRef = 3BA50A33225502F900331A93 /* AuthStorage.swift */; };
		3BA50A362255073A00331A93 /* NewsfeedViewController.swift in Sources */ = {isa = PBXBuildFile; fileRef = 3BA50A352255073A00331A93 /* NewsfeedViewController.swift */; };
		3BA50A3B22553E9A00331A93 /* ItemsListViewModel.swift in Sources */ = {isa = PBXBuildFile; fileRef = 3BA50A3A22553E9A00331A93 /* ItemsListViewModel.swift */; };
		3BA50A3D22553FFD00331A93 /* ItemsFetcher.swift in Sources */ = {isa = PBXBuildFile; fileRef = 3BA50A3C22553FFD00331A93 /* ItemsFetcher.swift */; };
		3BA50A41225548EC00331A93 /* ItemsListViewController.swift in Sources */ = {isa = PBXBuildFile; fileRef = 3BA50A40225548EC00331A93 /* ItemsListViewController.swift */; };
		3BA50A432255518E00331A93 /* Post.swift in Sources */ = {isa = PBXBuildFile; fileRef = 3BA50A422255518E00331A93 /* Post.swift */; };
		3BA50A452255548000331A93 /* PostCell.swift in Sources */ = {isa = PBXBuildFile; fileRef = 3BA50A442255548000331A93 /* PostCell.swift */; };
		3BA50A472255686600331A93 /* PostDetailViewController.swift in Sources */ = {isa = PBXBuildFile; fileRef = 3BA50A462255686600331A93 /* PostDetailViewController.swift */; };
		3BA50A49225569B700331A93 /* RealmMigration.swift in Sources */ = {isa = PBXBuildFile; fileRef = 3BA50A48225569B700331A93 /* RealmMigration.swift */; };
		744D947760A5A4C387D81A15 /* Pods_InstagramTests.framework in Frameworks */ = {isa = PBXBuildFile; fileRef = 9AE8BF9D8D3378D8BE9F499F /* Pods_InstagramTests.framework */; };
/* End PBXBuildFile section */

/* Begin PBXContainerItemProxy section */
		3BA50A122254F13E00331A93 /* PBXContainerItemProxy */ = {
			isa = PBXContainerItemProxy;
			containerPortal = 3BA509F52254F13C00331A93 /* Project object */;
			proxyType = 1;
			remoteGlobalIDString = 3BA509FC2254F13C00331A93;
			remoteInfo = Instagram;
		};
/* End PBXContainerItemProxy section */

/* Begin PBXFileReference section */
		2753EEE213E294FB03B4D559 /* Pods-InstagramTests.debug.xcconfig */ = {isa = PBXFileReference; includeInIndex = 1; lastKnownFileType = text.xcconfig; name = "Pods-InstagramTests.debug.xcconfig"; path = "Target Support Files/Pods-InstagramTests/Pods-InstagramTests.debug.xcconfig"; sourceTree = "<group>"; };
		3BA509FD2254F13C00331A93 /* Instagram.app */ = {isa = PBXFileReference; explicitFileType = wrapper.application; includeInIndex = 0; path = Instagram.app; sourceTree = BUILT_PRODUCTS_DIR; };
		3BA50A002254F13C00331A93 /* AppDelegate.swift */ = {isa = PBXFileReference; lastKnownFileType = sourcecode.swift; path = AppDelegate.swift; sourceTree = "<group>"; };
		3BA50A052254F13C00331A93 /* Base */ = {isa = PBXFileReference; lastKnownFileType = file.storyboard; name = Base; path = Base.lproj/Main.storyboard; sourceTree = "<group>"; };
		3BA50A072254F13E00331A93 /* Assets.xcassets */ = {isa = PBXFileReference; lastKnownFileType = folder.assetcatalog; path = Assets.xcassets; sourceTree = "<group>"; };
		3BA50A0A2254F13E00331A93 /* Base */ = {isa = PBXFileReference; lastKnownFileType = file.storyboard; name = Base; path = Base.lproj/LaunchScreen.storyboard; sourceTree = "<group>"; };
		3BA50A0C2254F13E00331A93 /* Info.plist */ = {isa = PBXFileReference; lastKnownFileType = text.plist.xml; path = Info.plist; sourceTree = "<group>"; };
		3BA50A112254F13E00331A93 /* InstagramTests.xctest */ = {isa = PBXFileReference; explicitFileType = wrapper.cfbundle; includeInIndex = 0; path = InstagramTests.xctest; sourceTree = BUILT_PRODUCTS_DIR; };
		3BA50A152254F13E00331A93 /* InstagramTests.swift */ = {isa = PBXFileReference; lastKnownFileType = sourcecode.swift; path = InstagramTests.swift; sourceTree = "<group>"; };
		3BA50A172254F13E00331A93 /* Info.plist */ = {isa = PBXFileReference; lastKnownFileType = text.plist.xml; path = Info.plist; sourceTree = "<group>"; };
		3BA50A232254F35C00331A93 /* UIScrollView.swift */ = {isa = PBXFileReference; fileEncoding = 4; lastKnownFileType = sourcecode.swift; path = UIScrollView.swift; sourceTree = "<group>"; };
		3BA50A242254F35C00331A93 /* DateFormatter.swift */ = {isa = PBXFileReference; fileEncoding = 4; lastKnownFileType = sourcecode.swift; path = DateFormatter.swift; sourceTree = "<group>"; };
		3BA50A282254F37D00331A93 /* StoryboardInitilizableViewController.swift */ = {isa = PBXFileReference; fileEncoding = 4; lastKnownFileType = sourcecode.swift; path = StoryboardInitilizableViewController.swift; sourceTree = "<group>"; };
		3BA50A2B2254F3F600331A93 /* InstagramAPI.swift */ = {isa = PBXFileReference; lastKnownFileType = sourcecode.swift; path = InstagramAPI.swift; sourceTree = "<group>"; };
		3BA50A2F2254F65800331A93 /* LoginViewController.swift */ = {isa = PBXFileReference; fileEncoding = 4; lastKnownFileType = sourcecode.swift; path = LoginViewController.swift; sourceTree = "<group>"; };
		3BA50A312255011600331A93 /* User.swift */ = {isa = PBXFileReference; lastKnownFileType = sourcecode.swift; path = User.swift; sourceTree = "<group>"; };
		3BA50A33225502F900331A93 /* AuthStorage.swift */ = {isa = PBXFileReference; lastKnownFileType = sourcecode.swift; path = AuthStorage.swift; sourceTree = "<group>"; };
		3BA50A352255073A00331A93 /* NewsfeedViewController.swift */ = {isa = PBXFileReference; lastKnownFileType = sourcecode.swift; path = NewsfeedViewController.swift; sourceTree = "<group>"; };
		3BA50A3A22553E9A00331A93 /* ItemsListViewModel.swift */ = {isa = PBXFileReference; fileEncoding = 4; lastKnownFileType = sourcecode.swift; path = ItemsListViewModel.swift; sourceTree = "<group>"; };
		3BA50A3C22553FFD00331A93 /* ItemsFetcher.swift */ = {isa = PBXFileReference; fileEncoding = 4; lastKnownFileType = sourcecode.swift; path = ItemsFetcher.swift; sourceTree = "<group>"; };
		3BA50A40225548EC00331A93 /* ItemsListViewController.swift */ = {isa = PBXFileReference; lastKnownFileType = sourcecode.swift; path = ItemsListViewController.swift; sourceTree = "<group>"; };
		3BA50A422255518E00331A93 /* Post.swift */ = {isa = PBXFileReference; lastKnownFileType = sourcecode.swift; path = Post.swift; sourceTree = "<group>"; };
		3BA50A442255548000331A93 /* PostCell.swift */ = {isa = PBXFileReference; lastKnownFileType = sourcecode.swift; path = PostCell.swift; sourceTree = "<group>"; };
		3BA50A462255686600331A93 /* PostDetailViewController.swift */ = {isa = PBXFileReference; lastKnownFileType = sourcecode.swift; path = PostDetailViewController.swift; sourceTree = "<group>"; };
		3BA50A48225569B700331A93 /* RealmMigration.swift */ = {isa = PBXFileReference; fileEncoding = 4; lastKnownFileType = sourcecode.swift; path = RealmMigration.swift; sourceTree = "<group>"; };
		6A373E77D7D7CB40E0C9147E /* Pods-Instagram.release.xcconfig */ = {isa = PBXFileReference; includeInIndex = 1; lastKnownFileType = text.xcconfig; name = "Pods-Instagram.release.xcconfig"; path = "Target Support Files/Pods-Instagram/Pods-Instagram.release.xcconfig"; sourceTree = "<group>"; };
		7BC594B4311A0B7A6B70CE87 /* Pods-InstagramTests.release.xcconfig */ = {isa = PBXFileReference; includeInIndex = 1; lastKnownFileType = text.xcconfig; name = "Pods-InstagramTests.release.xcconfig"; path = "Target Support Files/Pods-InstagramTests/Pods-InstagramTests.release.xcconfig"; sourceTree = "<group>"; };
		9AE8BF9D8D3378D8BE9F499F /* Pods_InstagramTests.framework */ = {isa = PBXFileReference; explicitFileType = wrapper.framework; includeInIndex = 0; path = Pods_InstagramTests.framework; sourceTree = BUILT_PRODUCTS_DIR; };
		C182C1BE9903A5C8453E5091 /* Pods_Instagram.framework */ = {isa = PBXFileReference; explicitFileType = wrapper.framework; includeInIndex = 0; path = Pods_Instagram.framework; sourceTree = BUILT_PRODUCTS_DIR; };
		C4F71E8382A116E899FF3364 /* Pods-Instagram.debug.xcconfig */ = {isa = PBXFileReference; includeInIndex = 1; lastKnownFileType = text.xcconfig; name = "Pods-Instagram.debug.xcconfig"; path = "Target Support Files/Pods-Instagram/Pods-Instagram.debug.xcconfig"; sourceTree = "<group>"; };
/* End PBXFileReference section */

/* Begin PBXFrameworksBuildPhase section */
		3BA509FA2254F13C00331A93 /* Frameworks */ = {
			isa = PBXFrameworksBuildPhase;
			buildActionMask = 2147483647;
			files = (
				2DBF082E2EF13EA555B00858 /* Pods_Instagram.framework in Frameworks */,
			);
			runOnlyForDeploymentPostprocessing = 0;
		};
		3BA50A0E2254F13E00331A93 /* Frameworks */ = {
			isa = PBXFrameworksBuildPhase;
			buildActionMask = 2147483647;
			files = (
				744D947760A5A4C387D81A15 /* Pods_InstagramTests.framework in Frameworks */,
			);
			runOnlyForDeploymentPostprocessing = 0;
		};
/* End PBXFrameworksBuildPhase section */

/* Begin PBXGroup section */
		26AF5C47176DC705FBF0A797 /* Pods */ = {
			isa = PBXGroup;
			children = (
				C4F71E8382A116E899FF3364 /* Pods-Instagram.debug.xcconfig */,
				6A373E77D7D7CB40E0C9147E /* Pods-Instagram.release.xcconfig */,
				2753EEE213E294FB03B4D559 /* Pods-InstagramTests.debug.xcconfig */,
				7BC594B4311A0B7A6B70CE87 /* Pods-InstagramTests.release.xcconfig */,
			);
			path = Pods;
			sourceTree = "<group>";
		};
		3BA509F42254F13C00331A93 = {
			isa = PBXGroup;
			children = (
				3BA509FF2254F13C00331A93 /* Instagram */,
				3BA50A142254F13E00331A93 /* InstagramTests */,
				3BA509FE2254F13C00331A93 /* Products */,
				26AF5C47176DC705FBF0A797 /* Pods */,
				BF8B05C488CD06B65FE3C919 /* Frameworks */,
			);
			sourceTree = "<group>";
		};
		3BA509FE2254F13C00331A93 /* Products */ = {
			isa = PBXGroup;
			children = (
				3BA509FD2254F13C00331A93 /* Instagram.app */,
				3BA50A112254F13E00331A93 /* InstagramTests.xctest */,
			);
			name = Products;
			sourceTree = "<group>";
		};
		3BA509FF2254F13C00331A93 /* Instagram */ = {
			isa = PBXGroup;
			children = (
				3BA50A272254F36400331A93 /* Libraries */,
				3BA50A222254F34E00331A93 /* Extensions */,
				3BA50A2A2254F39800331A93 /* API */,
				3BA50A2D2254F63300331A93 /* Models */,
				3BA50A2E2254F64500331A93 /* ViewControllers */,
				3BA50A3922553E7100331A93 /* ViewModels */,
				3BA50A002254F13C00331A93 /* AppDelegate.swift */,
				3BA50A48225569B700331A93 /* RealmMigration.swift */,
				3BA50A042254F13C00331A93 /* Main.storyboard */,
				3BA50A072254F13E00331A93 /* Assets.xcassets */,
				3BA50A092254F13E00331A93 /* LaunchScreen.storyboard */,
				3BA50A0C2254F13E00331A93 /* Info.plist */,
			);
			path = Instagram;
			sourceTree = "<group>";
		};
		3BA50A142254F13E00331A93 /* InstagramTests */ = {
			isa = PBXGroup;
			children = (
				3BA50A152254F13E00331A93 /* InstagramTests.swift */,
				3BA50A172254F13E00331A93 /* Info.plist */,
			);
			path = InstagramTests;
			sourceTree = "<group>";
		};
		3BA50A222254F34E00331A93 /* Extensions */ = {
			isa = PBXGroup;
			children = (
				3BA50A242254F35C00331A93 /* DateFormatter.swift */,
				3BA50A232254F35C00331A93 /* UIScrollView.swift */,
			);
			path = Extensions;
			sourceTree = "<group>";
		};
		3BA50A272254F36400331A93 /* Libraries */ = {
			isa = PBXGroup;
			children = (
				3BA50A282254F37D00331A93 /* StoryboardInitilizableViewController.swift */,
			);
			path = Libraries;
			sourceTree = "<group>";
		};
		3BA50A2A2254F39800331A93 /* API */ = {
			isa = PBXGroup;
			children = (
				3BA50A2B2254F3F600331A93 /* InstagramAPI.swift */,
				3BA50A33225502F900331A93 /* AuthStorage.swift */,
				3BA50A3C22553FFD00331A93 /* ItemsFetcher.swift */,
			);
			path = API;
			sourceTree = "<group>";
		};
		3BA50A2D2254F63300331A93 /* Models */ = {
			isa = PBXGroup;
			children = (
				3BA50A312255011600331A93 /* User.swift */,
				3BA50A422255518E00331A93 /* Post.swift */,
			);
			path = Models;
			sourceTree = "<group>";
		};
		3BA50A2E2254F64500331A93 /* ViewControllers */ = {
			isa = PBXGroup;
			children = (
				3BA50A2F2254F65800331A93 /* LoginViewController.swift */,
				3BA50A352255073A00331A93 /* NewsfeedViewController.swift */,
				3BA50A40225548EC00331A93 /* ItemsListViewController.swift */,
				3BA50A442255548000331A93 /* PostCell.swift */,
				3BA50A462255686600331A93 /* PostDetailViewController.swift */,
			);
			path = ViewControllers;
			sourceTree = "<group>";
		};
		3BA50A3922553E7100331A93 /* ViewModels */ = {
			isa = PBXGroup;
			children = (
				3BA50A3A22553E9A00331A93 /* ItemsListViewModel.swift */,
			);
			path = ViewModels;
			sourceTree = "<group>";
		};
		BF8B05C488CD06B65FE3C919 /* Frameworks */ = {
			isa = PBXGroup;
			children = (
				C182C1BE9903A5C8453E5091 /* Pods_Instagram.framework */,
				9AE8BF9D8D3378D8BE9F499F /* Pods_InstagramTests.framework */,
			);
			name = Frameworks;
			sourceTree = "<group>";
		};
/* End PBXGroup section */

/* Begin PBXNativeTarget section */
		3BA509FC2254F13C00331A93 /* Instagram */ = {
			isa = PBXNativeTarget;
			buildConfigurationList = 3BA50A1A2254F13E00331A93 /* Build configuration list for PBXNativeTarget "Instagram" */;
			buildPhases = (
				16318EB65E1E6FA455A1A6B2 /* [CP] Check Pods Manifest.lock */,
				3BA509F92254F13C00331A93 /* Sources */,
				3BA509FA2254F13C00331A93 /* Frameworks */,
				3BA509FB2254F13C00331A93 /* Resources */,
				DD7BA596A7EB53DE46143505 /* [CP] Embed Pods Frameworks */,
			);
			buildRules = (
			);
			dependencies = (
			);
			name = Instagram;
			productName = Instagram;
			productReference = 3BA509FD2254F13C00331A93 /* Instagram.app */;
			productType = "com.apple.product-type.application";
		};
		3BA50A102254F13E00331A93 /* InstagramTests */ = {
			isa = PBXNativeTarget;
			buildConfigurationList = 3BA50A1D2254F13E00331A93 /* Build configuration list for PBXNativeTarget "InstagramTests" */;
			buildPhases = (
				8778647FB26B4B5C6F761B8C /* [CP] Check Pods Manifest.lock */,
				3BA50A0D2254F13E00331A93 /* Sources */,
				3BA50A0E2254F13E00331A93 /* Frameworks */,
				3BA50A0F2254F13E00331A93 /* Resources */,
			);
			buildRules = (
			);
			dependencies = (
				3BA50A132254F13E00331A93 /* PBXTargetDependency */,
			);
			name = InstagramTests;
			productName = InstagramTests;
			productReference = 3BA50A112254F13E00331A93 /* InstagramTests.xctest */;
			productType = "com.apple.product-type.bundle.unit-test";
		};
/* End PBXNativeTarget section */

/* Begin PBXProject section */
		3BA509F52254F13C00331A93 /* Project object */ = {
			isa = PBXProject;
			attributes = {
				LastSwiftUpdateCheck = 1020;
				LastUpgradeCheck = 1020;
				ORGANIZATIONNAME = "Chung Tran";
				TargetAttributes = {
					3BA509FC2254F13C00331A93 = {
						CreatedOnToolsVersion = 10.2;
					};
					3BA50A102254F13E00331A93 = {
						CreatedOnToolsVersion = 10.2;
						TestTargetID = 3BA509FC2254F13C00331A93;
					};
				};
			};
			buildConfigurationList = 3BA509F82254F13C00331A93 /* Build configuration list for PBXProject "Instagram" */;
			compatibilityVersion = "Xcode 9.3";
			developmentRegion = en;
			hasScannedForEncodings = 0;
			knownRegions = (
				en,
				Base,
			);
			mainGroup = 3BA509F42254F13C00331A93;
			productRefGroup = 3BA509FE2254F13C00331A93 /* Products */;
			projectDirPath = "";
			projectRoot = "";
			targets = (
				3BA509FC2254F13C00331A93 /* Instagram */,
				3BA50A102254F13E00331A93 /* InstagramTests */,
			);
		};
/* End PBXProject section */

/* Begin PBXResourcesBuildPhase section */
		3BA509FB2254F13C00331A93 /* Resources */ = {
			isa = PBXResourcesBuildPhase;
			buildActionMask = 2147483647;
			files = (
				3BA50A0B2254F13E00331A93 /* LaunchScreen.storyboard in Resources */,
				3BA50A082254F13E00331A93 /* Assets.xcassets in Resources */,
				3BA50A062254F13C00331A93 /* Main.storyboard in Resources */,
			);
			runOnlyForDeploymentPostprocessing = 0;
		};
		3BA50A0F2254F13E00331A93 /* Resources */ = {
			isa = PBXResourcesBuildPhase;
			buildActionMask = 2147483647;
			files = (
			);
			runOnlyForDeploymentPostprocessing = 0;
		};
/* End PBXResourcesBuildPhase section */

/* Begin PBXShellScriptBuildPhase section */
		16318EB65E1E6FA455A1A6B2 /* [CP] Check Pods Manifest.lock */ = {
			isa = PBXShellScriptBuildPhase;
			buildActionMask = 2147483647;
			files = (
			);
			inputFileListPaths = (
			);
			inputPaths = (
				"${PODS_PODFILE_DIR_PATH}/Podfile.lock",
				"${PODS_ROOT}/Manifest.lock",
			);
			name = "[CP] Check Pods Manifest.lock";
			outputFileListPaths = (
			);
			outputPaths = (
				"$(DERIVED_FILE_DIR)/Pods-Instagram-checkManifestLockResult.txt",
			);
			runOnlyForDeploymentPostprocessing = 0;
			shellPath = /bin/sh;
			shellScript = "diff \"${PODS_PODFILE_DIR_PATH}/Podfile.lock\" \"${PODS_ROOT}/Manifest.lock\" > /dev/null\nif [ $? != 0 ] ; then\n    # print error to STDERR\n    echo \"error: The sandbox is not in sync with the Podfile.lock. Run 'pod install' or update your CocoaPods installation.\" >&2\n    exit 1\nfi\n# This output is used by Xcode 'outputs' to avoid re-running this script phase.\necho \"SUCCESS\" > \"${SCRIPT_OUTPUT_FILE_0}\"\n";
			showEnvVarsInLog = 0;
		};
		8778647FB26B4B5C6F761B8C /* [CP] Check Pods Manifest.lock */ = {
			isa = PBXShellScriptBuildPhase;
			buildActionMask = 2147483647;
			files = (
			);
			inputFileListPaths = (
			);
			inputPaths = (
				"${PODS_PODFILE_DIR_PATH}/Podfile.lock",
				"${PODS_ROOT}/Manifest.lock",
			);
			name = "[CP] Check Pods Manifest.lock";
			outputFileListPaths = (
			);
			outputPaths = (
				"$(DERIVED_FILE_DIR)/Pods-InstagramTests-checkManifestLockResult.txt",
			);
			runOnlyForDeploymentPostprocessing = 0;
			shellPath = /bin/sh;
			shellScript = "diff \"${PODS_PODFILE_DIR_PATH}/Podfile.lock\" \"${PODS_ROOT}/Manifest.lock\" > /dev/null\nif [ $? != 0 ] ; then\n    # print error to STDERR\n    echo \"error: The sandbox is not in sync with the Podfile.lock. Run 'pod install' or update your CocoaPods installation.\" >&2\n    exit 1\nfi\n# This output is used by Xcode 'outputs' to avoid re-running this script phase.\necho \"SUCCESS\" > \"${SCRIPT_OUTPUT_FILE_0}\"\n";
			showEnvVarsInLog = 0;
		};
		DD7BA596A7EB53DE46143505 /* [CP] Embed Pods Frameworks */ = {
			isa = PBXShellScriptBuildPhase;
			buildActionMask = 2147483647;
			files = (
			);
			inputFileListPaths = (
			);
			inputPaths = (
				"${PODS_ROOT}/Target Support Files/Pods-Instagram/Pods-Instagram-frameworks.sh",
				"${BUILT_PRODUCTS_DIR}/Alamofire/Alamofire.framework",
				"${BUILT_PRODUCTS_DIR}/JGProgressHUD/JGProgressHUD.framework",
				"${BUILT_PRODUCTS_DIR}/Realm/Realm.framework",
				"${BUILT_PRODUCTS_DIR}/RealmSwift/RealmSwift.framework",
				"${BUILT_PRODUCTS_DIR}/RxAlamofire/RxAlamofire.framework",
				"${BUILT_PRODUCTS_DIR}/RxAtomic/RxAtomic.framework",
				"${BUILT_PRODUCTS_DIR}/RxCocoa/RxCocoa.framework",
				"${BUILT_PRODUCTS_DIR}/RxRealm/RxRealm.framework",
				"${BUILT_PRODUCTS_DIR}/RxRealmDataSources/RxRealmDataSources.framework",
				"${BUILT_PRODUCTS_DIR}/RxSwift/RxSwift.framework",
				"${BUILT_PRODUCTS_DIR}/SDWebImage/SDWebImage.framework",
				"${BUILT_PRODUCTS_DIR}/SwiftKeychainWrapper/SwiftKeychainWrapper.framework",
				"${BUILT_PRODUCTS_DIR}/Unbox/Unbox.framework",
			);
			name = "[CP] Embed Pods Frameworks";
			outputFileListPaths = (
			);
			outputPaths = (
				"${TARGET_BUILD_DIR}/${FRAMEWORKS_FOLDER_PATH}/Alamofire.framework",
				"${TARGET_BUILD_DIR}/${FRAMEWORKS_FOLDER_PATH}/JGProgressHUD.framework",
				"${TARGET_BUILD_DIR}/${FRAMEWORKS_FOLDER_PATH}/Realm.framework",
				"${TARGET_BUILD_DIR}/${FRAMEWORKS_FOLDER_PATH}/RealmSwift.framework",
				"${TARGET_BUILD_DIR}/${FRAMEWORKS_FOLDER_PATH}/RxAlamofire.framework",
				"${TARGET_BUILD_DIR}/${FRAMEWORKS_FOLDER_PATH}/RxAtomic.framework",
				"${TARGET_BUILD_DIR}/${FRAMEWORKS_FOLDER_PATH}/RxCocoa.framework",
				"${TARGET_BUILD_DIR}/${FRAMEWORKS_FOLDER_PATH}/RxRealm.framework",
				"${TARGET_BUILD_DIR}/${FRAMEWORKS_FOLDER_PATH}/RxRealmDataSources.framework",
				"${TARGET_BUILD_DIR}/${FRAMEWORKS_FOLDER_PATH}/RxSwift.framework",
				"${TARGET_BUILD_DIR}/${FRAMEWORKS_FOLDER_PATH}/SDWebImage.framework",
				"${TARGET_BUILD_DIR}/${FRAMEWORKS_FOLDER_PATH}/SwiftKeychainWrapper.framework",
				"${TARGET_BUILD_DIR}/${FRAMEWORKS_FOLDER_PATH}/Unbox.framework",
			);
			runOnlyForDeploymentPostprocessing = 0;
			shellPath = /bin/sh;
			shellScript = "\"${PODS_ROOT}/Target Support Files/Pods-Instagram/Pods-Instagram-frameworks.sh\"\n";
			showEnvVarsInLog = 0;
		};
/* End PBXShellScriptBuildPhase section */

/* Begin PBXSourcesBuildPhase section */
		3BA509F92254F13C00331A93 /* Sources */ = {
			isa = PBXSourcesBuildPhase;
			buildActionMask = 2147483647;
			files = (
				3BA50A302254F65800331A93 /* LoginViewController.swift in Sources */,
				3BA50A3D22553FFD00331A93 /* ItemsFetcher.swift in Sources */,
				3BA50A262254F35C00331A93 /* DateFormatter.swift in Sources */,
				3BA50A252254F35C00331A93 /* UIScrollView.swift in Sources */,
				3BA50A432255518E00331A93 /* Post.swift in Sources */,
				3BA50A292254F37D00331A93 /* StoryboardInitilizableViewController.swift in Sources */,
				3BA50A41225548EC00331A93 /* ItemsListViewController.swift in Sources */,
				3BA50A472255686600331A93 /* PostDetailViewController.swift in Sources */,
				3BA50A452255548000331A93 /* PostCell.swift in Sources */,
				3BA50A34225502F900331A93 /* AuthStorage.swift in Sources */,
				3BA50A49225569B700331A93 /* RealmMigration.swift in Sources */,
				3BA50A362255073A00331A93 /* NewsfeedViewController.swift in Sources */,
				3BA50A322255011600331A93 /* User.swift in Sources */,
				3BA50A012254F13C00331A93 /* AppDelegate.swift in Sources */,
				3BA50A2C2254F3F600331A93 /* InstagramAPI.swift in Sources */,
				3BA50A3B22553E9A00331A93 /* ItemsListViewModel.swift in Sources */,
			);
			runOnlyForDeploymentPostprocessing = 0;
		};
		3BA50A0D2254F13E00331A93 /* Sources */ = {
			isa = PBXSourcesBuildPhase;
			buildActionMask = 2147483647;
			files = (
				3BA50A162254F13E00331A93 /* InstagramTests.swift in Sources */,
			);
			runOnlyForDeploymentPostprocessing = 0;
		};
/* End PBXSourcesBuildPhase section */

/* Begin PBXTargetDependency section */
		3BA50A132254F13E00331A93 /* PBXTargetDependency */ = {
			isa = PBXTargetDependency;
			target = 3BA509FC2254F13C00331A93 /* Instagram */;
			targetProxy = 3BA50A122254F13E00331A93 /* PBXContainerItemProxy */;
		};
/* End PBXTargetDependency section */

/* Begin PBXVariantGroup section */
		3BA50A042254F13C00331A93 /* Main.storyboard */ = {
			isa = PBXVariantGroup;
			children = (
				3BA50A052254F13C00331A93 /* Base */,
			);
			name = Main.storyboard;
			sourceTree = "<group>";
		};
		3BA50A092254F13E00331A93 /* LaunchScreen.storyboard */ = {
			isa = PBXVariantGroup;
			children = (
				3BA50A0A2254F13E00331A93 /* Base */,
			);
			name = LaunchScreen.storyboard;
			sourceTree = "<group>";
		};
/* End PBXVariantGroup section */

/* Begin XCBuildConfiguration section */
		3BA50A182254F13E00331A93 /* Debug */ = {
			isa = XCBuildConfiguration;
			buildSettings = {
				ALWAYS_SEARCH_USER_PATHS = NO;
				CLANG_ANALYZER_NONNULL = YES;
				CLANG_ANALYZER_NUMBER_OBJECT_CONVERSION = YES_AGGRESSIVE;
				CLANG_CXX_LANGUAGE_STANDARD = "gnu++14";
				CLANG_CXX_LIBRARY = "libc++";
				CLANG_ENABLE_MODULES = YES;
				CLANG_ENABLE_OBJC_ARC = YES;
				CLANG_ENABLE_OBJC_WEAK = YES;
				CLANG_WARN_BLOCK_CAPTURE_AUTORELEASING = YES;
				CLANG_WARN_BOOL_CONVERSION = YES;
				CLANG_WARN_COMMA = YES;
				CLANG_WARN_CONSTANT_CONVERSION = YES;
				CLANG_WARN_DEPRECATED_OBJC_IMPLEMENTATIONS = YES;
				CLANG_WARN_DIRECT_OBJC_ISA_USAGE = YES_ERROR;
				CLANG_WARN_DOCUMENTATION_COMMENTS = YES;
				CLANG_WARN_EMPTY_BODY = YES;
				CLANG_WARN_ENUM_CONVERSION = YES;
				CLANG_WARN_INFINITE_RECURSION = YES;
				CLANG_WARN_INT_CONVERSION = YES;
				CLANG_WARN_NON_LITERAL_NULL_CONVERSION = YES;
				CLANG_WARN_OBJC_IMPLICIT_RETAIN_SELF = YES;
				CLANG_WARN_OBJC_LITERAL_CONVERSION = YES;
				CLANG_WARN_OBJC_ROOT_CLASS = YES_ERROR;
				CLANG_WARN_RANGE_LOOP_ANALYSIS = YES;
				CLANG_WARN_STRICT_PROTOTYPES = YES;
				CLANG_WARN_SUSPICIOUS_MOVE = YES;
				CLANG_WARN_UNGUARDED_AVAILABILITY = YES_AGGRESSIVE;
				CLANG_WARN_UNREACHABLE_CODE = YES;
				CLANG_WARN__DUPLICATE_METHOD_MATCH = YES;
				CODE_SIGN_IDENTITY = "iPhone Developer";
				COPY_PHASE_STRIP = NO;
				DEBUG_INFORMATION_FORMAT = dwarf;
				ENABLE_STRICT_OBJC_MSGSEND = YES;
				ENABLE_TESTABILITY = YES;
				GCC_C_LANGUAGE_STANDARD = gnu11;
				GCC_DYNAMIC_NO_PIC = NO;
				GCC_NO_COMMON_BLOCKS = YES;
				GCC_OPTIMIZATION_LEVEL = 0;
				GCC_PREPROCESSOR_DEFINITIONS = (
					"DEBUG=1",
					"$(inherited)",
				);
				GCC_WARN_64_TO_32_BIT_CONVERSION = YES;
				GCC_WARN_ABOUT_RETURN_TYPE = YES_ERROR;
				GCC_WARN_UNDECLARED_SELECTOR = YES;
				GCC_WARN_UNINITIALIZED_AUTOS = YES_AGGRESSIVE;
				GCC_WARN_UNUSED_FUNCTION = YES;
				GCC_WARN_UNUSED_VARIABLE = YES;
				IPHONEOS_DEPLOYMENT_TARGET = 12.2;
				MTL_ENABLE_DEBUG_INFO = INCLUDE_SOURCE;
				MTL_FAST_MATH = YES;
				ONLY_ACTIVE_ARCH = YES;
				SDKROOT = iphoneos;
				SWIFT_ACTIVE_COMPILATION_CONDITIONS = DEBUG;
				SWIFT_OPTIMIZATION_LEVEL = "-Onone";
			};
			name = Debug;
		};
		3BA50A192254F13E00331A93 /* Release */ = {
			isa = XCBuildConfiguration;
			buildSettings = {
				ALWAYS_SEARCH_USER_PATHS = NO;
				CLANG_ANALYZER_NONNULL = YES;
				CLANG_ANALYZER_NUMBER_OBJECT_CONVERSION = YES_AGGRESSIVE;
				CLANG_CXX_LANGUAGE_STANDARD = "gnu++14";
				CLANG_CXX_LIBRARY = "libc++";
				CLANG_ENABLE_MODULES = YES;
				CLANG_ENABLE_OBJC_ARC = YES;
				CLANG_ENABLE_OBJC_WEAK = YES;
				CLANG_WARN_BLOCK_CAPTURE_AUTORELEASING = YES;
				CLANG_WARN_BOOL_CONVERSION = YES;
				CLANG_WARN_COMMA = YES;
				CLANG_WARN_CONSTANT_CONVERSION = YES;
				CLANG_WARN_DEPRECATED_OBJC_IMPLEMENTATIONS = YES;
				CLANG_WARN_DIRECT_OBJC_ISA_USAGE = YES_ERROR;
				CLANG_WARN_DOCUMENTATION_COMMENTS = YES;
				CLANG_WARN_EMPTY_BODY = YES;
				CLANG_WARN_ENUM_CONVERSION = YES;
				CLANG_WARN_INFINITE_RECURSION = YES;
				CLANG_WARN_INT_CONVERSION = YES;
				CLANG_WARN_NON_LITERAL_NULL_CONVERSION = YES;
				CLANG_WARN_OBJC_IMPLICIT_RETAIN_SELF = YES;
				CLANG_WARN_OBJC_LITERAL_CONVERSION = YES;
				CLANG_WARN_OBJC_ROOT_CLASS = YES_ERROR;
				CLANG_WARN_RANGE_LOOP_ANALYSIS = YES;
				CLANG_WARN_STRICT_PROTOTYPES = YES;
				CLANG_WARN_SUSPICIOUS_MOVE = YES;
				CLANG_WARN_UNGUARDED_AVAILABILITY = YES_AGGRESSIVE;
				CLANG_WARN_UNREACHABLE_CODE = YES;
				CLANG_WARN__DUPLICATE_METHOD_MATCH = YES;
				CODE_SIGN_IDENTITY = "iPhone Developer";
				COPY_PHASE_STRIP = NO;
				DEBUG_INFORMATION_FORMAT = "dwarf-with-dsym";
				ENABLE_NS_ASSERTIONS = NO;
				ENABLE_STRICT_OBJC_MSGSEND = YES;
				GCC_C_LANGUAGE_STANDARD = gnu11;
				GCC_NO_COMMON_BLOCKS = YES;
				GCC_WARN_64_TO_32_BIT_CONVERSION = YES;
				GCC_WARN_ABOUT_RETURN_TYPE = YES_ERROR;
				GCC_WARN_UNDECLARED_SELECTOR = YES;
				GCC_WARN_UNINITIALIZED_AUTOS = YES_AGGRESSIVE;
				GCC_WARN_UNUSED_FUNCTION = YES;
				GCC_WARN_UNUSED_VARIABLE = YES;
				IPHONEOS_DEPLOYMENT_TARGET = 12.2;
				MTL_ENABLE_DEBUG_INFO = NO;
				MTL_FAST_MATH = YES;
				SDKROOT = iphoneos;
				SWIFT_COMPILATION_MODE = wholemodule;
				SWIFT_OPTIMIZATION_LEVEL = "-O";
				VALIDATE_PRODUCT = YES;
			};
			name = Release;
		};
		3BA50A1B2254F13E00331A93 /* Debug */ = {
			isa = XCBuildConfiguration;
			baseConfigurationReference = C4F71E8382A116E899FF3364 /* Pods-Instagram.debug.xcconfig */;
			buildSettings = {
				ASSETCATALOG_COMPILER_APPICON_NAME = AppIcon;
				CODE_SIGN_STYLE = Automatic;
				DEVELOPMENT_TEAM = QPW4XRTF2N;
				INFOPLIST_FILE = Instagram/Info.plist;
				LD_RUNPATH_SEARCH_PATHS = (
					"$(inherited)",
					"@executable_path/Frameworks",
				);
				PRODUCT_BUNDLE_IDENTIFIER = info.bigears.Instagram;
				PRODUCT_NAME = "$(TARGET_NAME)";
				SWIFT_VERSION = 5.0;
				TARGETED_DEVICE_FAMILY = "1,2";
			};
			name = Debug;
		};
		3BA50A1C2254F13E00331A93 /* Release */ = {
			isa = XCBuildConfiguration;
			baseConfigurationReference = 6A373E77D7D7CB40E0C9147E /* Pods-Instagram.release.xcconfig */;
			buildSettings = {
				ASSETCATALOG_COMPILER_APPICON_NAME = AppIcon;
				CODE_SIGN_STYLE = Automatic;
				DEVELOPMENT_TEAM = QPW4XRTF2N;
				INFOPLIST_FILE = Instagram/Info.plist;
				LD_RUNPATH_SEARCH_PATHS = (
					"$(inherited)",
					"@executable_path/Frameworks",
				);
				PRODUCT_BUNDLE_IDENTIFIER = info.bigears.Instagram;
				PRODUCT_NAME = "$(TARGET_NAME)";
				SWIFT_VERSION = 5.0;
				TARGETED_DEVICE_FAMILY = "1,2";
			};
			name = Release;
		};
		3BA50A1E2254F13E00331A93 /* Debug */ = {
			isa = XCBuildConfiguration;
			baseConfigurationReference = 2753EEE213E294FB03B4D559 /* Pods-InstagramTests.debug.xcconfig */;
			buildSettings = {
				ALWAYS_EMBED_SWIFT_STANDARD_LIBRARIES = YES;
				BUNDLE_LOADER = "$(TEST_HOST)";
				CODE_SIGN_STYLE = Automatic;
				DEVELOPMENT_TEAM = QPW4XRTF2N;
				INFOPLIST_FILE = InstagramTests/Info.plist;
				LD_RUNPATH_SEARCH_PATHS = (
					"$(inherited)",
					"@executable_path/Frameworks",
					"@loader_path/Frameworks",
				);
				PRODUCT_BUNDLE_IDENTIFIER = info.bigears.InstagramTests;
				PRODUCT_NAME = "$(TARGET_NAME)";
				SWIFT_VERSION = 5.0;
				TARGETED_DEVICE_FAMILY = "1,2";
				TEST_HOST = "$(BUILT_PRODUCTS_DIR)/Instagram.app/Instagram";
			};
			name = Debug;
		};
		3BA50A1F2254F13E00331A93 /* Release */ = {
			isa = XCBuildConfiguration;
			baseConfigurationReference = 7BC594B4311A0B7A6B70CE87 /* Pods-InstagramTests.release.xcconfig */;
			buildSettings = {
				ALWAYS_EMBED_SWIFT_STANDARD_LIBRARIES = YES;
				BUNDLE_LOADER = "$(TEST_HOST)";
				CODE_SIGN_STYLE = Automatic;
				DEVELOPMENT_TEAM = QPW4XRTF2N;
				INFOPLIST_FILE = InstagramTests/Info.plist;
				LD_RUNPATH_SEARCH_PATHS = (
					"$(inherited)",
					"@executable_path/Frameworks",
					"@loader_path/Frameworks",
				);
				PRODUCT_BUNDLE_IDENTIFIER = info.bigears.InstagramTests;
				PRODUCT_NAME = "$(TARGET_NAME)";
				SWIFT_VERSION = 5.0;
				TARGETED_DEVICE_FAMILY = "1,2";
				TEST_HOST = "$(BUILT_PRODUCTS_DIR)/Instagram.app/Instagram";
			};
			name = Release;
		};
/* End XCBuildConfiguration section */

/* Begin XCConfigurationList section */
		3BA509F82254F13C00331A93 /* Build configuration list for PBXProject "Instagram" */ = {
			isa = XCConfigurationList;
			buildConfigurations = (
				3BA50A182254F13E00331A93 /* Debug */,
				3BA50A192254F13E00331A93 /* Release */,
			);
			defaultConfigurationIsVisible = 0;
			defaultConfigurationName = Release;
		};
		3BA50A1A2254F13E00331A93 /* Build configuration list for PBXNativeTarget "Instagram" */ = {
			isa = XCConfigurationList;
			buildConfigurations = (
				3BA50A1B2254F13E00331A93 /* Debug */,
				3BA50A1C2254F13E00331A93 /* Release */,
			);
			defaultConfigurationIsVisible = 0;
			defaultConfigurationName = Release;
		};
		3BA50A1D2254F13E00331A93 /* Build configuration list for PBXNativeTarget "InstagramTests" */ = {
			isa = XCConfigurationList;
			buildConfigurations = (
				3BA50A1E2254F13E00331A93 /* Debug */,
				3BA50A1F2254F13E00331A93 /* Release */,
			);
			defaultConfigurationIsVisible = 0;
			defaultConfigurationName = Release;
		};
/* End XCConfigurationList section */
	};
	rootObject = 3BA509F52254F13C00331A93 /* Project object */;
}
